
Microsoft Visual Studio Solution File, Format Version 12.00
# Visual Studio Version 17
VisualStudioVersion = 17.3.32929.385
MinimumVisualStudioVersion = 10.0.40219.1
Project("{F184B08F-C81C-45F6-A57F-5ABD9991F28F}") = "MiniMamat", "MiniManmat\MiniMamat.vbproj", "{9C702D44-46F8-4D93-924A-40381B48CC25}"
EndProject
Global
	GlobalSection(SolutionConfigurationPlatforms) = preSolution
		Debug|Any CPU = Debug|Any CPU
		Release|Any CPU = Release|Any CPU
	EndGlobalSection
	GlobalSection(ProjectConfigurationPlatforms) = postSolution
		{9C702D44-46F8-4D93-924A-40381B48CC25}.Debug|Any CPU.ActiveCfg = Debug|Any CPU
		{9C702D44-46F8-4D93-924A-40381B48CC25}.Debug|Any CPU.Build.0 = Debug|Any CPU
		{9C702D44-46F8-4D93-924A-40381B48CC25}.Release|Any CPU.ActiveCfg = Release|Any CPU
		{9C702D44-46F8-4D93-924A-40381B48CC25}.Release|Any CPU.Build.0 = Release|Any CPU
	EndGlobalSection
	GlobalSection(SolutionProperties) = preSolution
		HideSolutionNode = FALSE
	EndGlobalSection
	GlobalSection(ExtensibilityGlobals) = postSolution
		SolutionGuid = {1CE0AFCE-9D70-4A1C-8302-78BFA92468A3}
	EndGlobalSection
EndGlobal
